// !$*UTF8*$!
{
	archiveVersion = 1;
	classes = {
	};
	objectVersion = 56;
	objects = {

/* Begin PBXBuildFile section */
		1B17950D2A8DFC0400945222 /* ProfileCell.swift in Sources */ = {isa = PBXBuildFile; fileRef = 1B17950C2A8DFC0400945222 /* ProfileCell.swift */; };
		1B1795102A8E0B6200945222 /* ProfileCollectionView.swift in Sources */ = {isa = PBXBuildFile; fileRef = 1B17950F2A8E0B6200945222 /* ProfileCollectionView.swift */; };
		1B238E202A8C630100872A1B /* AppDelegate.swift in Sources */ = {isa = PBXBuildFile; fileRef = 1B238E1F2A8C630100872A1B /* AppDelegate.swift */; };
		1B238E222A8C630100872A1B /* SceneDelegate.swift in Sources */ = {isa = PBXBuildFile; fileRef = 1B238E212A8C630100872A1B /* SceneDelegate.swift */; };
		1B238E272A8C630100872A1B /* Main.storyboard in Resources */ = {isa = PBXBuildFile; fileRef = 1B238E252A8C630100872A1B /* Main.storyboard */; };
		1B238E292A8C630300872A1B /* Assets.xcassets in Resources */ = {isa = PBXBuildFile; fileRef = 1B238E282A8C630300872A1B /* Assets.xcassets */; };
		1B238E2C2A8C630300872A1B /* LaunchScreen.storyboard in Resources */ = {isa = PBXBuildFile; fileRef = 1B238E2A2A8C630300872A1B /* LaunchScreen.storyboard */; };
		1B238E3A2A8DA50800872A1B /* ProFileView.swift in Sources */ = {isa = PBXBuildFile; fileRef = 1B238E392A8DA50800872A1B /* ProFileView.swift */; };
		7B6B494F2A8D2A640098B8DE /* MainCell.swift in Sources */ = {isa = PBXBuildFile; fileRef = 7B6B494E2A8D2A640098B8DE /* MainCell.swift */; };
		7B6B49512A8D2C6F0098B8DE /* UserList.swift in Sources */ = {isa = PBXBuildFile; fileRef = 7B6B49502A8D2C6F0098B8DE /* UserList.swift */; };
		7BF6E3D62A8D3152001D30B1 /* MainView.swift in Sources */ = {isa = PBXBuildFile; fileRef = 7BF6E3D52A8D3152001D30B1 /* MainView.swift */; };
/* End PBXBuildFile section */

/* Begin PBXFileReference section */
		1B17950C2A8DFC0400945222 /* ProfileCell.swift */ = {isa = PBXFileReference; lastKnownFileType = sourcecode.swift; path = ProfileCell.swift; sourceTree = "<group>"; };
		1B17950F2A8E0B6200945222 /* ProfileCollectionView.swift */ = {isa = PBXFileReference; lastKnownFileType = sourcecode.swift; path = ProfileCollectionView.swift; sourceTree = "<group>"; };
		1B238E1C2A8C630100872A1B /* ThekusDayDiary.app */ = {isa = PBXFileReference; explicitFileType = wrapper.application; includeInIndex = 0; path = ThekusDayDiary.app; sourceTree = BUILT_PRODUCTS_DIR; };
		1B238E1F2A8C630100872A1B /* AppDelegate.swift */ = {isa = PBXFileReference; lastKnownFileType = sourcecode.swift; path = AppDelegate.swift; sourceTree = "<group>"; };
		1B238E212A8C630100872A1B /* SceneDelegate.swift */ = {isa = PBXFileReference; lastKnownFileType = sourcecode.swift; path = SceneDelegate.swift; sourceTree = "<group>"; };
		1B238E262A8C630100872A1B /* Base */ = {isa = PBXFileReference; lastKnownFileType = file.storyboard; name = Base; path = Base.lproj/Main.storyboard; sourceTree = "<group>"; };
		1B238E282A8C630300872A1B /* Assets.xcassets */ = {isa = PBXFileReference; lastKnownFileType = folder.assetcatalog; path = Assets.xcassets; sourceTree = "<group>"; };
		1B238E2B2A8C630300872A1B /* Base */ = {isa = PBXFileReference; lastKnownFileType = file.storyboard; name = Base; path = Base.lproj/LaunchScreen.storyboard; sourceTree = "<group>"; };
		1B238E2D2A8C630300872A1B /* Info.plist */ = {isa = PBXFileReference; lastKnownFileType = text.plist.xml; path = Info.plist; sourceTree = "<group>"; };
		1B238E392A8DA50800872A1B /* ProFileView.swift */ = {isa = PBXFileReference; lastKnownFileType = sourcecode.swift; path = ProFileView.swift; sourceTree = "<group>"; };
		7B6B494E2A8D2A640098B8DE /* MainCell.swift */ = {isa = PBXFileReference; lastKnownFileType = sourcecode.swift; path = MainCell.swift; sourceTree = "<group>"; };
		7B6B49502A8D2C6F0098B8DE /* UserList.swift */ = {isa = PBXFileReference; lastKnownFileType = sourcecode.swift; path = UserList.swift; sourceTree = "<group>"; };
		7BF6E3D52A8D3152001D30B1 /* MainView.swift */ = {isa = PBXFileReference; lastKnownFileType = sourcecode.swift; path = MainView.swift; sourceTree = "<group>"; };
/* End PBXFileReference section */

/* Begin PBXFrameworksBuildPhase section */
		1B238E192A8C630100872A1B /* Frameworks */ = {
			isa = PBXFrameworksBuildPhase;
			buildActionMask = 2147483647;
			files = (
			);
			runOnlyForDeploymentPostprocessing = 0;
		};
/* End PBXFrameworksBuildPhase section */

/* Begin PBXGroup section */
		1B17950E2A8DFC3100945222 /* ProfileCollection */ = {
			isa = PBXGroup;
			children = (
				1B17950C2A8DFC0400945222 /* ProfileCell.swift */,
				1B17950F2A8E0B6200945222 /* ProfileCollectionView.swift */,
			);
			path = ProfileCollection;
			sourceTree = "<group>";
		};
		1B238E132A8C630000872A1B = {
			isa = PBXGroup;
			children = (
				1B238E1E2A8C630100872A1B /* ThekusDayDiary */,
				1B238E1D2A8C630100872A1B /* Products */,
			);
			sourceTree = "<group>";
		};
		1B238E1D2A8C630100872A1B /* Products */ = {
			isa = PBXGroup;
			children = (
				1B238E1C2A8C630100872A1B /* ThekusDayDiary.app */,
			);
			name = Products;
			sourceTree = "<group>";
		};
		1B238E1E2A8C630100872A1B /* ThekusDayDiary */ = {
			isa = PBXGroup;
			children = (
				1B238E332A8C997200872A1B /* Delegate */,
				1B238E372A8DA44100872A1B /* Models */,
				1B238E342A8C9A8B00872A1B /* MainView */,
				1B238E382A8DA48900872A1B /* ProfileView */,
				1B238E352A8C9AA800872A1B /* StoryBoard */,
				1B238E282A8C630300872A1B /* Assets.xcassets */,
				1B238E2D2A8C630300872A1B /* Info.plist */,
			);
			path = ThekusDayDiary;
			sourceTree = "<group>";
		};
		1B238E332A8C997200872A1B /* Delegate */ = {
			isa = PBXGroup;
			children = (
				1B238E212A8C630100872A1B /* SceneDelegate.swift */,
				1B238E1F2A8C630100872A1B /* AppDelegate.swift */,
			);
			path = Delegate;
			sourceTree = "<group>";
		};
		1B238E342A8C9A8B00872A1B /* MainView */ = {
			isa = PBXGroup;
			children = (
				7BF6E3D52A8D3152001D30B1 /* MainView.swift */,
				7B6B494E2A8D2A640098B8DE /* MainCell.swift */,
			);
			path = MainView;
			sourceTree = "<group>";
		};
		1B238E352A8C9AA800872A1B /* StoryBoard */ = {
			isa = PBXGroup;
			children = (
				1B238E252A8C630100872A1B /* Main.storyboard */,
				1B238E2A2A8C630300872A1B /* LaunchScreen.storyboard */,
			);
			path = StoryBoard;
			sourceTree = "<group>";
		};
		1B238E372A8DA44100872A1B /* Models */ = {
			isa = PBXGroup;
			children = (
				7B6B49502A8D2C6F0098B8DE /* UserList.swift */,
			);
			path = Models;
			sourceTree = "<group>";
		};
		1B238E382A8DA48900872A1B /* ProfileView */ = {
			isa = PBXGroup;
			children = (
				1B238E392A8DA50800872A1B /* ProFileView.swift */,
				1B17950E2A8DFC3100945222 /* ProfileCollection */,
			);
			path = ProfileView;
			sourceTree = "<group>";
		};
/* End PBXGroup section */

/* Begin PBXNativeTarget section */
		1B238E1B2A8C630100872A1B /* ThekusDayDiary */ = {
			isa = PBXNativeTarget;
			buildConfigurationList = 1B238E302A8C630300872A1B /* Build configuration list for PBXNativeTarget "ThekusDayDiary" */;
			buildPhases = (
				1B238E182A8C630100872A1B /* Sources */,
				1B238E192A8C630100872A1B /* Frameworks */,
				1B238E1A2A8C630100872A1B /* Resources */,
			);
			buildRules = (
			);
			dependencies = (
			);
			name = ThekusDayDiary;
			productName = ThekusDayDiary;
			productReference = 1B238E1C2A8C630100872A1B /* ThekusDayDiary.app */;
			productType = "com.apple.product-type.application";
		};
/* End PBXNativeTarget section */

/* Begin PBXProject section */
		1B238E142A8C630000872A1B /* Project object */ = {
			isa = PBXProject;
			attributes = {
				BuildIndependentTargetsInParallel = 1;
				LastSwiftUpdateCheck = 1500;
				LastUpgradeCheck = 1500;
				TargetAttributes = {
					1B238E1B2A8C630100872A1B = {
						CreatedOnToolsVersion = 15.0;
					};
				};
			};
			buildConfigurationList = 1B238E172A8C630000872A1B /* Build configuration list for PBXProject "ThekusDayDiary" */;
			compatibilityVersion = "Xcode 14.0";
			developmentRegion = en;
			hasScannedForEncodings = 0;
			knownRegions = (
				en,
				Base,
			);
			mainGroup = 1B238E132A8C630000872A1B;
			productRefGroup = 1B238E1D2A8C630100872A1B /* Products */;
			projectDirPath = "";
			projectRoot = "";
			targets = (
				1B238E1B2A8C630100872A1B /* ThekusDayDiary */,
			);
		};
/* End PBXProject section */

/* Begin PBXResourcesBuildPhase section */
		1B238E1A2A8C630100872A1B /* Resources */ = {
			isa = PBXResourcesBuildPhase;
			buildActionMask = 2147483647;
			files = (
				1B238E2C2A8C630300872A1B /* LaunchScreen.storyboard in Resources */,
				1B238E292A8C630300872A1B /* Assets.xcassets in Resources */,
				1B238E272A8C630100872A1B /* Main.storyboard in Resources */,
			);
			runOnlyForDeploymentPostprocessing = 0;
		};
/* End PBXResourcesBuildPhase section */

/* Begin PBXSourcesBuildPhase section */
		1B238E182A8C630100872A1B /* Sources */ = {
			isa = PBXSourcesBuildPhase;
			buildActionMask = 2147483647;
			files = (
				1B238E3A2A8DA50800872A1B /* ProFileView.swift in Sources */,
				1B17950D2A8DFC0400945222 /* ProfileCell.swift in Sources */,
				7B6B49512A8D2C6F0098B8DE /* UserList.swift in Sources */,
				7BF6E3D62A8D3152001D30B1 /* MainView.swift in Sources */,
				1B238E202A8C630100872A1B /* AppDelegate.swift in Sources */,
				7B6B494F2A8D2A640098B8DE /* MainCell.swift in Sources */,
				1B1795102A8E0B6200945222 /* ProfileCollectionView.swift in Sources */,
				1B238E222A8C630100872A1B /* SceneDelegate.swift in Sources */,
			);
			runOnlyForDeploymentPostprocessing = 0;
		};
/* End PBXSourcesBuildPhase section */

/* Begin PBXVariantGroup section */
		1B238E252A8C630100872A1B /* Main.storyboard */ = {
			isa = PBXVariantGroup;
			children = (
				1B238E262A8C630100872A1B /* Base */,
			);
			name = Main.storyboard;
			sourceTree = "<group>";
		};
		1B238E2A2A8C630300872A1B /* LaunchScreen.storyboard */ = {
			isa = PBXVariantGroup;
			children = (
				1B238E2B2A8C630300872A1B /* Base */,
			);
			name = LaunchScreen.storyboard;
			sourceTree = "<group>";
		};
/* End PBXVariantGroup section */

/* Begin XCBuildConfiguration section */
		1B238E2E2A8C630300872A1B /* Debug */ = {
			isa = XCBuildConfiguration;
			buildSettings = {
				ALWAYS_SEARCH_USER_PATHS = NO;
				ASSETCATALOG_COMPILER_GENERATE_SWIFT_ASSET_SYMBOL_EXTENSIONS = YES;
				CLANG_ANALYZER_NONNULL = YES;
				CLANG_ANALYZER_NUMBER_OBJECT_CONVERSION = YES_AGGRESSIVE;
				CLANG_CXX_LANGUAGE_STANDARD = "gnu++20";
				CLANG_ENABLE_MODULES = YES;
				CLANG_ENABLE_OBJC_ARC = YES;
				CLANG_ENABLE_OBJC_WEAK = YES;
				CLANG_WARN_BLOCK_CAPTURE_AUTORELEASING = YES;
				CLANG_WARN_BOOL_CONVERSION = YES;
				CLANG_WARN_COMMA = YES;
				CLANG_WARN_CONSTANT_CONVERSION = YES;
				CLANG_WARN_DEPRECATED_OBJC_IMPLEMENTATIONS = YES;
				CLANG_WARN_DIRECT_OBJC_ISA_USAGE = YES_ERROR;
				CLANG_WARN_DOCUMENTATION_COMMENTS = YES;
				CLANG_WARN_EMPTY_BODY = YES;
				CLANG_WARN_ENUM_CONVERSION = YES;
				CLANG_WARN_INFINITE_RECURSION = YES;
				CLANG_WARN_INT_CONVERSION = YES;
				CLANG_WARN_NON_LITERAL_NULL_CONVERSION = YES;
				CLANG_WARN_OBJC_IMPLICIT_RETAIN_SELF = YES;
				CLANG_WARN_OBJC_LITERAL_CONVERSION = YES;
				CLANG_WARN_OBJC_ROOT_CLASS = YES_ERROR;
				CLANG_WARN_QUOTED_INCLUDE_IN_FRAMEWORK_HEADER = YES;
				CLANG_WARN_RANGE_LOOP_ANALYSIS = YES;
				CLANG_WARN_STRICT_PROTOTYPES = YES;
				CLANG_WARN_SUSPICIOUS_MOVE = YES;
				CLANG_WARN_UNGUARDED_AVAILABILITY = YES_AGGRESSIVE;
				CLANG_WARN_UNREACHABLE_CODE = YES;
				CLANG_WARN__DUPLICATE_METHOD_MATCH = YES;
				COPY_PHASE_STRIP = NO;
				DEBUG_INFORMATION_FORMAT = dwarf;
				ENABLE_STRICT_OBJC_MSGSEND = YES;
				ENABLE_TESTABILITY = YES;
				ENABLE_USER_SCRIPT_SANDBOXING = YES;
				GCC_C_LANGUAGE_STANDARD = gnu17;
				GCC_DYNAMIC_NO_PIC = NO;
				GCC_NO_COMMON_BLOCKS = YES;
				GCC_OPTIMIZATION_LEVEL = 0;
				GCC_PREPROCESSOR_DEFINITIONS = (
					"DEBUG=1",
					"$(inherited)",
				);
				GCC_WARN_64_TO_32_BIT_CONVERSION = YES;
				GCC_WARN_ABOUT_RETURN_TYPE = YES_ERROR;
				GCC_WARN_UNDECLARED_SELECTOR = YES;
				GCC_WARN_UNINITIALIZED_AUTOS = YES_AGGRESSIVE;
				GCC_WARN_UNUSED_FUNCTION = YES;
				GCC_WARN_UNUSED_VARIABLE = YES;
				IPHONEOS_DEPLOYMENT_TARGET = 17.0;
				LOCALIZATION_PREFERS_STRING_CATALOGS = YES;
				MTL_ENABLE_DEBUG_INFO = INCLUDE_SOURCE;
				MTL_FAST_MATH = YES;
				ONLY_ACTIVE_ARCH = YES;
				SDKROOT = iphoneos;
				SWIFT_ACTIVE_COMPILATION_CONDITIONS = "DEBUG $(inherited)";
				SWIFT_OPTIMIZATION_LEVEL = "-Onone";
			};
			name = Debug;
		};
		1B238E2F2A8C630300872A1B /* Release */ = {
			isa = XCBuildConfiguration;
			buildSettings = {
				ALWAYS_SEARCH_USER_PATHS = NO;
				ASSETCATALOG_COMPILER_GENERATE_SWIFT_ASSET_SYMBOL_EXTENSIONS = YES;
				CLANG_ANALYZER_NONNULL = YES;
				CLANG_ANALYZER_NUMBER_OBJECT_CONVERSION = YES_AGGRESSIVE;
				CLANG_CXX_LANGUAGE_STANDARD = "gnu++20";
				CLANG_ENABLE_MODULES = YES;
				CLANG_ENABLE_OBJC_ARC = YES;
				CLANG_ENABLE_OBJC_WEAK = YES;
				CLANG_WARN_BLOCK_CAPTURE_AUTORELEASING = YES;
				CLANG_WARN_BOOL_CONVERSION = YES;
				CLANG_WARN_COMMA = YES;
				CLANG_WARN_CONSTANT_CONVERSION = YES;
				CLANG_WARN_DEPRECATED_OBJC_IMPLEMENTATIONS = YES;
				CLANG_WARN_DIRECT_OBJC_ISA_USAGE = YES_ERROR;
				CLANG_WARN_DOCUMENTATION_COMMENTS = YES;
				CLANG_WARN_EMPTY_BODY = YES;
				CLANG_WARN_ENUM_CONVERSION = YES;
				CLANG_WARN_INFINITE_RECURSION = YES;
				CLANG_WARN_INT_CONVERSION = YES;
				CLANG_WARN_NON_LITERAL_NULL_CONVERSION = YES;
				CLANG_WARN_OBJC_IMPLICIT_RETAIN_SELF = YES;
				CLANG_WARN_OBJC_LITERAL_CONVERSION = YES;
				CLANG_WARN_OBJC_ROOT_CLASS = YES_ERROR;
				CLANG_WARN_QUOTED_INCLUDE_IN_FRAMEWORK_HEADER = YES;
				CLANG_WARN_RANGE_LOOP_ANALYSIS = YES;
				CLANG_WARN_STRICT_PROTOTYPES = YES;
				CLANG_WARN_SUSPICIOUS_MOVE = YES;
				CLANG_WARN_UNGUARDED_AVAILABILITY = YES_AGGRESSIVE;
				CLANG_WARN_UNREACHABLE_CODE = YES;
				CLANG_WARN__DUPLICATE_METHOD_MATCH = YES;
				COPY_PHASE_STRIP = NO;
				DEBUG_INFORMATION_FORMAT = "dwarf-with-dsym";
				ENABLE_NS_ASSERTIONS = NO;
				ENABLE_STRICT_OBJC_MSGSEND = YES;
				ENABLE_USER_SCRIPT_SANDBOXING = YES;
				GCC_C_LANGUAGE_STANDARD = gnu17;
				GCC_NO_COMMON_BLOCKS = YES;
				GCC_WARN_64_TO_32_BIT_CONVERSION = YES;
				GCC_WARN_ABOUT_RETURN_TYPE = YES_ERROR;
				GCC_WARN_UNDECLARED_SELECTOR = YES;
				GCC_WARN_UNINITIALIZED_AUTOS = YES_AGGRESSIVE;
				GCC_WARN_UNUSED_FUNCTION = YES;
				GCC_WARN_UNUSED_VARIABLE = YES;
				IPHONEOS_DEPLOYMENT_TARGET = 17.0;
				LOCALIZATION_PREFERS_STRING_CATALOGS = YES;
				MTL_ENABLE_DEBUG_INFO = NO;
				MTL_FAST_MATH = YES;
				SDKROOT = iphoneos;
				SWIFT_COMPILATION_MODE = wholemodule;
				VALIDATE_PRODUCT = YES;
			};
			name = Release;
		};
		1B238E312A8C630300872A1B /* Debug */ = {
			isa = XCBuildConfiguration;
			buildSettings = {
				ASSETCATALOG_COMPILER_APPICON_NAME = AppIcon;
				ASSETCATALOG_COMPILER_GLOBAL_ACCENT_COLOR_NAME = AccentColor;
				CODE_SIGN_STYLE = Automatic;
				CURRENT_PROJECT_VERSION = 1;
				DEVELOPMENT_TEAM = 48CD968PJK;
				GENERATE_INFOPLIST_FILE = YES;
				INFOPLIST_FILE = ThekusDayDiary/Info.plist;
				INFOPLIST_KEY_UIApplicationSupportsIndirectInputEvents = YES;
				INFOPLIST_KEY_UILaunchStoryboardName = LaunchScreen;
				INFOPLIST_KEY_UIMainStoryboardFile = Main;
				INFOPLIST_KEY_UISupportedInterfaceOrientations_iPad = "UIInterfaceOrientationPortrait UIInterfaceOrientationPortraitUpsideDown UIInterfaceOrientationLandscapeLeft UIInterfaceOrientationLandscapeRight";
				INFOPLIST_KEY_UISupportedInterfaceOrientations_iPhone = "UIInterfaceOrientationPortrait UIInterfaceOrientationLandscapeLeft UIInterfaceOrientationLandscapeRight";
				IPHONEOS_DEPLOYMENT_TARGET = 15.0;
				LD_RUNPATH_SEARCH_PATHS = (
					"$(inherited)",
					"@executable_path/Frameworks",
				);
				MARKETING_VERSION = 1.0;
				PRODUCT_BUNDLE_IDENTIFIER = cherin.ThekusDayDiary;
				PRODUCT_NAME = "$(TARGET_NAME)";
				SWIFT_EMIT_LOC_STRINGS = YES;
				SWIFT_VERSION = 5.0;
				TARGETED_DEVICE_FAMILY = "1,2";
			};
			name = Debug;
		};
		1B238E322A8C630300872A1B /* Release */ = {
			isa = XCBuildConfiguration;
			buildSettings = {
				ASSETCATALOG_COMPILER_APPICON_NAME = AppIcon;
				ASSETCATALOG_COMPILER_GLOBAL_ACCENT_COLOR_NAME = AccentColor;
				CODE_SIGN_STYLE = Automatic;
				CURRENT_PROJECT_VERSION = 1;
				DEVELOPMENT_TEAM = 48CD968PJK;
				GENERATE_INFOPLIST_FILE = YES;
				INFOPLIST_FILE = ThekusDayDiary/Info.plist;
				INFOPLIST_KEY_UIApplicationSupportsIndirectInputEvents = YES;
				INFOPLIST_KEY_UILaunchStoryboardName = LaunchScreen;
				INFOPLIST_KEY_UIMainStoryboardFile = Main;
				INFOPLIST_KEY_UISupportedInterfaceOrientations_iPad = "UIInterfaceOrientationPortrait UIInterfaceOrientationPortraitUpsideDown UIInterfaceOrientationLandscapeLeft UIInterfaceOrientationLandscapeRight";
				INFOPLIST_KEY_UISupportedInterfaceOrientations_iPhone = "UIInterfaceOrientationPortrait UIInterfaceOrientationLandscapeLeft UIInterfaceOrientationLandscapeRight";
				IPHONEOS_DEPLOYMENT_TARGET = 15.0;
				LD_RUNPATH_SEARCH_PATHS = (
					"$(inherited)",
					"@executable_path/Frameworks",
				);
				MARKETING_VERSION = 1.0;
				PRODUCT_BUNDLE_IDENTIFIER = cherin.ThekusDayDiary;
				PRODUCT_NAME = "$(TARGET_NAME)";
				SWIFT_EMIT_LOC_STRINGS = YES;
				SWIFT_VERSION = 5.0;
				TARGETED_DEVICE_FAMILY = "1,2";
			};
			name = Release;
		};
/* End XCBuildConfiguration section */

/* Begin XCConfigurationList section */
		1B238E172A8C630000872A1B /* Build configuration list for PBXProject "ThekusDayDiary" */ = {
			isa = XCConfigurationList;
			buildConfigurations = (
				1B238E2E2A8C630300872A1B /* Debug */,
				1B238E2F2A8C630300872A1B /* Release */,
			);
			defaultConfigurationIsVisible = 0;
			defaultConfigurationName = Release;
		};
		1B238E302A8C630300872A1B /* Build configuration list for PBXNativeTarget "ThekusDayDiary" */ = {
			isa = XCConfigurationList;
			buildConfigurations = (
				1B238E312A8C630300872A1B /* Debug */,
				1B238E322A8C630300872A1B /* Release */,
			);
			defaultConfigurationIsVisible = 0;
			defaultConfigurationName = Release;
		};
/* End XCConfigurationList section */
	};
	rootObject = 1B238E142A8C630000872A1B /* Project object */;
}
